
Microsoft Visual Studio Solution File, Format Version 12.00
# Visual Studio Version 17
VisualStudioVersion = 17.4.33213.308
MinimumVisualStudioVersion = 10.0.40219.1
Project("{9A19103F-16F7-4668-BE54-9A1E7A4F7556}") = "awsdemo", "awsdemo\awsdemo.csproj", "{0348CF5B-EDE3-455B-9A5D-430BD7342164}"
EndProject
Project("{9A19103F-16F7-4668-BE54-9A1E7A4F7556}") = "TestProject1", "TestProject1\TestProject1.csproj", "{E5EDE896-476A-4BBF-A5C1-FD70C55CDB98}"
EndProject
Global
	GlobalSection(SolutionConfigurationPlatforms) = preSolution
		Debug|Any CPU = Debug|Any CPU
		Release|Any CPU = Release|Any CPU
	EndGlobalSection
	GlobalSection(ProjectConfigurationPlatforms) = postSolution
		{0348CF5B-EDE3-455B-9A5D-430BD7342164}.Debug|Any CPU.ActiveCfg = Debug|Any CPU
		{0348CF5B-EDE3-455B-9A5D-430BD7342164}.Debug|Any CPU.Build.0 = Debug|Any CPU
		{0348CF5B-EDE3-455B-9A5D-430BD7342164}.Release|Any CPU.ActiveCfg = Release|Any CPU
		{0348CF5B-EDE3-455B-9A5D-430BD7342164}.Release|Any CPU.Build.0 = Release|Any CPU
		{E5EDE896-476A-4BBF-A5C1-FD70C55CDB98}.Debug|Any CPU.ActiveCfg = Debug|Any CPU
		{E5EDE896-476A-4BBF-A5C1-FD70C55CDB98}.Debug|Any CPU.Build.0 = Debug|Any CPU
		{E5EDE896-476A-4BBF-A5C1-FD70C55CDB98}.Release|Any CPU.ActiveCfg = Release|Any CPU
		{E5EDE896-476A-4BBF-A5C1-FD70C55CDB98}.Release|Any CPU.Build.0 = Release|Any CPU
	EndGlobalSection
	GlobalSection(SolutionProperties) = preSolution
		HideSolutionNode = FALSE
	EndGlobalSection
	GlobalSection(ExtensibilityGlobals) = postSolution
		SolutionGuid = {4C61A930-F7E5-4744-AFD5-BC19B38A247C}
	EndGlobalSection
EndGlobal
